// !$*UTF8*$!
{
	archiveVersion = 1;
	classes = {
	};
	objectVersion = 77;
	objects = {

/* Begin PBXBuildFile section */
		82C4A67030679A9C002E20BB /* cmark-gfm in Frameworks */ = {isa = PBXBuildFile; productRef = 82C4A67230679A9C002E20BB /* cmark-gfm */; };
		82C4A67330679A9C002E20BB /* cmark-gfm-extensions in Frameworks */ = {isa = PBXBuildFile; productRef = 82C4A67430679A9C002E20BB /* cmark-gfm-extensions */; };
/* End PBXBuildFile section */

/* Begin PBXContainerItemProxy section */
		82C4A65330679A9B002E20BB /* PBXContainerItemProxy */ = {
			isa = PBXContainerItemProxy;
			containerPortal = 82C4A63D30679A9A002E20BB /* Project object */;
			proxyType = 1;
			remoteGlobalIDString = 82C4A64430679A9A002E20BB;
			remoteInfo = "LF-Paper";
		};
		82C4A65D30679A9B002E20BB /* PBXContainerItemProxy */ = {
			isa = PBXContainerItemProxy;
			containerPortal = 82C4A63D30679A9A002E20BB /* Project object */;
			proxyType = 1;
			remoteGlobalIDString = 82C4A64430679A9A002E20BB;
			remoteInfo = "LF-Paper";
		};
/* End PBXContainerItemProxy section */

/* Begin PBXFileReference section */
		82C4A64530679A9A002E20BB /* LF-Paper.app */ = {isa = PBXFileReference; explicitFileType = wrapper.application; includeInIndex = 0; path = "LF-Paper.app"; sourceTree = BUILT_PRODUCTS_DIR; };
		82C4A65230679A9B002E20BB /* LF-PaperTests.xctest */ = {isa = PBXFileReference; explicitFileType = wrapper.cfbundle; includeInIndex = 0; path = "LF-PaperTests.xctest"; sourceTree = BUILT_PRODUCTS_DIR; };
		82C4A65C30679A9B002E20BB /* LF-PaperUITests.xctest */ = {isa = PBXFileReference; explicitFileType = wrapper.cfbundle; includeInIndex = 0; path = "LF-PaperUITests.xctest"; sourceTree = BUILT_PRODUCTS_DIR; };
/* End PBXFileReference section */

/* Begin PBXFileSystemSynchronizedRootGroup section */
		82C4A64730679A9A002E20BB /* LF-Paper */ = {
			isa = PBXFileSystemSynchronizedRootGroup;
			path = "LF-Paper";
			sourceTree = "<group>";
		};
		82C4A65530679A9B002E20BB /* LF-PaperTests */ = {
			isa = PBXFileSystemSynchronizedRootGroup;
			path = "LF-PaperTests";
			sourceTree = "<group>";
		};
		82C4A65F30679A9B002E20BB /* LF-PaperUITests */ = {
			isa = PBXFileSystemSynchronizedRootGroup;
			path = "LF-PaperUITests";
			sourceTree = "<group>";
		};
/* End PBXFileSystemSynchronizedRootGroup section */

/* Begin PBXFrameworksBuildPhase section */
		82C4A64230679A9A002E20BB /* Frameworks */ = {
			isa = PBXFrameworksBuildPhase;
			buildActionMask = 2147483647;
			files = (
				82C4A67030679A9C002E20BB /* cmark-gfm in Frameworks */,
				82C4A67330679A9C002E20BB /* cmark-gfm-extensions in Frameworks */,
			);
			runOnlyForDeploymentPostprocessing = 0;
		};
		82C4A64F30679A9B002E20BB /* Frameworks */ = {
			isa = PBXFrameworksBuildPhase;
			buildActionMask = 2147483647;
			files = (
			);
			runOnlyForDeploymentPostprocessing = 0;
		};
		82C4A65930679A9B002E20BB /* Frameworks */ = {
			isa = PBXFrameworksBuildPhase;
			buildActionMask = 2147483647;
			files = (
			);
			runOnlyForDeploymentPostprocessing = 0;
		};
/* End PBXFrameworksBuildPhase section */

/* Begin PBXGroup section */
		82C4A63C30679A9A002E20BB = {
			isa = PBXGroup;
			children = (
				82C4A64730679A9A002E20BB /* LF-Paper */,
				82C4A65530679A9B002E20BB /* LF-PaperTests */,
				82C4A65F30679A9B002E20BB /* LF-PaperUITests */,
				82C4A64630679A9A002E20BB /* Products */,
			);
			sourceTree = "<group>";
		};
		82C4A64630679A9A002E20BB /* Products */ = {
			isa = PBXGroup;
			children = (
				82C4A64530679A9A002E20BB /* LF-Paper.app */,
				82C4A65230679A9B002E20BB /* LF-PaperTests.xctest */,
				82C4A65C30679A9B002E20BB /* LF-PaperUITests.xctest */,
			);
			name = Products;
			sourceTree = "<group>";
		};
/* End PBXGroup section */

/* Begin PBXNativeTarget section */
		82C4A64430679A9A002E20BB /* LF-Paper */ = {
			isa = PBXNativeTarget;
			buildConfigurationList = 82C4A66630679A9B002E20BB /* Build configuration list for PBXNativeTarget "LF-Paper" */;
			buildPhases = (
				82C4A64130679A9A002E20BB /* Sources */,
				82C4A64230679A9A002E20BB /* Frameworks */,
				82C4A64330679A9A002E20BB /* Resources */,
			);
			buildRules = (
			);
			dependencies = (
			);
			fileSystemSynchronizedGroups = (
				82C4A64730679A9A002E20BB /* LF-Paper */,
			);
			name = "LF-Paper";
			packageProductDependencies = (
				82C4A67230679A9C002E20BB /* cmark-gfm */,
				82C4A67430679A9C002E20BB /* cmark-gfm-extensions */,
			);
			productName = "LF-Paper";
			productReference = 82C4A64530679A9A002E20BB /* LF-Paper.app */;
			productType = "com.apple.product-type.application";
		};
		82C4A65130679A9B002E20BB /* LF-PaperTests */ = {
			isa = PBXNativeTarget;
			buildConfigurationList = 82C4A66930679A9B002E20BB /* Build configuration list for PBXNativeTarget "LF-PaperTests" */;
			buildPhases = (
				82C4A64E30679A9B002E20BB /* Sources */,
				82C4A64F30679A9B002E20BB /* Frameworks */,
				82C4A65030679A9B002E20BB /* Resources */,
			);
			buildRules = (
			);
			dependencies = (
				82C4A65430679A9B002E20BB /* PBXTargetDependency */,
			);
			fileSystemSynchronizedGroups = (
				82C4A65530679A9B002E20BB /* LF-PaperTests */,
			);
			name = "LF-PaperTests";
			packageProductDependencies = (
			);
			productName = "LF-PaperTests";
			productReference = 82C4A65230679A9B002E20BB /* LF-PaperTests.xctest */;
			productType = "com.apple.product-type.bundle.unit-test";
		};
		82C4A65B30679A9B002E20BB /* LF-PaperUITests */ = {
			isa = PBXNativeTarget;
			buildConfigurationList = 82C4A66C30679A9B002E20BB /* Build configuration list for PBXNativeTarget "LF-PaperUITests" */;
			buildPhases = (
				82C4A65830679A9B002E20BB /* Sources */,
				82C4A65930679A9B002E20BB /* Frameworks */,
				82C4A65A30679A9B002E20BB /* Resources */,
			);
			buildRules = (
			);
			dependencies = (
				82C4A65E30679A9B002E20BB /* PBXTargetDependency */,
			);
			fileSystemSynchronizedGroups = (
				82C4A65F30679A9B002E20BB /* LF-PaperUITests */,
			);
			name = "LF-PaperUITests";
			packageProductDependencies = (
			);
			productName = "LF-PaperUITests";
			productReference = 82C4A65C30679A9B002E20BB /* LF-PaperUITests.xctest */;
			productType = "com.apple.product-type.bundle.ui-testing";
		};
/* End PBXNativeTarget section */

/* Begin PBXProject section */
		82C4A63D30679A9A002E20BB /* Project object */ = {
			isa = PBXProject;
			attributes = {
				BuildIndependentTargetsInParallel = 1;
				LastSwiftUpdateCheck = 2650;
				LastUpgradeCheck = 2650;
				TargetAttributes = {
					82C4A64430679A9A002E20BB = {
						CreatedOnToolsVersion = 26.5;
					};
					82C4A65130679A9B002E20BB = {
						CreatedOnToolsVersion = 26.5;
						TestTargetID = 82C4A64430679A9A002E20BB;
					};
					82C4A65B30679A9B002E20BB = {
						CreatedOnToolsVersion = 26.5;
						TestTargetID = 82C4A64430679A9A002E20BB;
					};
				};
			};
			buildConfigurationList = 82C4A64030679A9A002E20BB /* Build configuration list for PBXProject "LF-Paper" */;
			developmentRegion = en;
			hasScannedForEncodings = 0;
			knownRegions = (
				en,
				Base,
			);
			mainGroup = 82C4A63C30679A9A002E20BB;
			minimizedProjectReferenceProxies = 1;
			packageReferences = (
				82C4A67130679A9C002E20BB /* XCRemoteSwiftPackageReference "swift-cmark" */,
			);
			preferredProjectObjectVersion = 77;
			productRefGroup = 82C4A64630679A9A002E20BB /* Products */;
			projectDirPath = "";
			projectRoot = "";
			targets = (
				82C4A64430679A9A002E20BB /* LF-Paper */,
				82C4A65130679A9B002E20BB /* LF-PaperTests */,
				82C4A65B30679A9B002E20BB /* LF-PaperUITests */,
			);
		};
/* End PBXProject section */

/* Begin PBXResourcesBuildPhase section */
		82C4A64330679A9A002E20BB /* Resources */ = {
			isa = PBXResourcesBuildPhase;
			buildActionMask = 2147483647;
			files = (
			);
			runOnlyForDeploymentPostprocessing = 0;
		};
		82C4A65030679A9B002E20BB /* Resources */ = {
			isa = PBXResourcesBuildPhase;
			buildActionMask = 2147483647;
			files = (
			);
			runOnlyForDeploymentPostprocessing = 0;
		};
		82C4A65A30679A9B002E20BB /* Resources */ = {
			isa = PBXResourcesBuildPhase;
			buildActionMask = 2147483647;
			files = (
			);
			runOnlyForDeploymentPostprocessing = 0;
		};
/* End PBXResourcesBuildPhase section */

/* Begin PBXSourcesBuildPhase section */
		82C4A64130679A9A002E20BB /* Sources */ = {
			isa = PBXSourcesBuildPhase;
			buildActionMask = 2147483647;
			files = (
			);
			runOnlyForDeploymentPostprocessing = 0;
		};
		82C4A64E30679A9B002E20BB /* Sources */ = {
			isa = PBXSourcesBuildPhase;
			buildActionMask = 2147483647;
			files = (
			);
			runOnlyForDeploymentPostprocessing = 0;
		};
		82C4A65830679A9B002E20BB /* Sources */ = {
			isa = PBXSourcesBuildPhase;
			buildActionMask = 2147483647;
			files = (
			);
			runOnlyForDeploymentPostprocessing = 0;
		};
/* End PBXSourcesBuildPhase section */

/* Begin PBXTargetDependency section */
		82C4A65430679A9B002E20BB /* PBXTargetDependency */ = {
			isa = PBXTargetDependency;
			target = 82C4A64430679A9A002E20BB /* LF-Paper */;
			targetProxy = 82C4A65330679A9B002E20BB /* PBXContainerItemProxy */;
		};
		82C4A65E30679A9B002E20BB /* PBXTargetDependency */ = {
			isa = PBXTargetDependency;
			target = 82C4A64430679A9A002E20BB /* LF-Paper */;
			targetProxy = 82C4A65D30679A9B002E20BB /* PBXContainerItemProxy */;
		};
/* End PBXTargetDependency section */

/* Begin XCBuildConfiguration section */
		82C4A66430679A9B002E20BB /* Debug */ = {
			isa = XCBuildConfiguration;
			buildSettings = {
				ALWAYS_SEARCH_USER_PATHS = NO;
				ASSETCATALOG_COMPILER_GENERATE_SWIFT_ASSET_SYMBOL_EXTENSIONS = YES;
				CLANG_ANALYZER_NONNULL = YES;
				CLANG_ANALYZER_NUMBER_OBJECT_CONVERSION = YES_AGGRESSIVE;
				CLANG_CXX_LANGUAGE_STANDARD = "gnu++20";
				CLANG_ENABLE_MODULES = YES;
				CLANG_ENABLE_OBJC_ARC = YES;
				CLANG_ENABLE_OBJC_WEAK = YES;
				CLANG_WARN_BLOCK_CAPTURE_AUTORELEASING = YES;
				CLANG_WARN_BOOL_CONVERSION = YES;
				CLANG_WARN_COMMA = YES;
				CLANG_WARN_CONSTANT_CONVERSION = YES;
				CLANG_WARN_DEPRECATED_OBJC_IMPLEMENTATIONS = YES;
				CLANG_WARN_DIRECT_OBJC_ISA_USAGE = YES_ERROR;
				CLANG_WARN_DOCUMENTATION_COMMENTS = YES;
				CLANG_WARN_EMPTY_BODY = YES;
				CLANG_WARN_ENUM_CONVERSION = YES;
				CLANG_WARN_INFINITE_RECURSION = YES;
				CLANG_WARN_INT_CONVERSION = YES;
				CLANG_WARN_NON_LITERAL_NULL_CONVERSION = YES;
				CLANG_WARN_OBJC_IMPLICIT_RETAIN_SELF = YES;
				CLANG_WARN_OBJC_LITERAL_CONVERSION = YES;
				CLANG_WARN_OBJC_ROOT_CLASS = YES_ERROR;
				CLANG_WARN_QUOTED_INCLUDE_IN_FRAMEWORK_HEADER = YES;
				CLANG_WARN_RANGE_LOOP_ANALYSIS = YES;
				CLANG_WARN_STRICT_PROTOTYPES = YES;
				CLANG_WARN_SUSPICIOUS_MOVE = YES;
				CLANG_WARN_UNGUARDED_AVAILABILITY = YES_AGGRESSIVE;
				CLANG_WARN_UNREACHABLE_CODE = YES;
				CLANG_WARN__DUPLICATE_METHOD_MATCH = YES;
				COPY_PHASE_STRIP = NO;
				DEBUG_INFORMATION_FORMAT = dwarf;
				ENABLE_STRICT_OBJC_MSGSEND = YES;
				ENABLE_TESTABILITY = YES;
				ENABLE_USER_SCRIPT_SANDBOXING = YES;
				GCC_C_LANGUAGE_STANDARD = gnu17;
				GCC_DYNAMIC_NO_PIC = NO;
				GCC_NO_COMMON_BLOCKS = YES;
				GCC_OPTIMIZATION_LEVEL = 0;
				GCC_PREPROCESSOR_DEFINITIONS = (
					"DEBUG=1",
					"$(inherited)",
				);
				GCC_WARN_64_TO_32_BIT_CONVERSION = YES;
				GCC_WARN_ABOUT_RETURN_TYPE = YES_ERROR;
				GCC_WARN_UNDECLARED_SELECTOR = YES;
				GCC_WARN_UNINITIALIZED_AUTOS = YES_AGGRESSIVE;
				GCC_WARN_UNUSED_FUNCTION = YES;
				GCC_WARN_UNUSED_VARIABLE = YES;
				LOCALIZATION_PREFERS_STRING_CATALOGS = YES;
				MACOSX_DEPLOYMENT_TARGET = 26.5;
				MTL_ENABLE_DEBUG_INFO = INCLUDE_SOURCE;
				MTL_FAST_MATH = YES;
				ONLY_ACTIVE_ARCH = YES;
				SDKROOT = macosx;
				SWIFT_ACTIVE_COMPILATION_CONDITIONS = "DEBUG $(inherited)";
				SWIFT_OPTIMIZATION_LEVEL = "-Onone";
			};
			name = Debug;
		};
		82C4A66530679A9B002E20BB /* Release */ = {
			isa = XCBuildConfiguration;
			buildSettings = {
				ALWAYS_SEARCH_USER_PATHS = NO;
				ASSETCATALOG_COMPILER_GENERATE_SWIFT_ASSET_SYMBOL_EXTENSIONS = YES;
				CLANG_ANALYZER_NONNULL = YES;
				CLANG_ANALYZER_NUMBER_OBJECT_CONVERSION = YES_AGGRESSIVE;
				CLANG_CXX_LANGUAGE_STANDARD = "gnu++20";
				CLANG_ENABLE_MODULES = YES;
				CLANG_ENABLE_OBJC_ARC = YES;
				CLANG_ENABLE_OBJC_WEAK = YES;
				CLANG_WARN_BLOCK_CAPTURE_AUTORELEASING = YES;
				CLANG_WARN_BOOL_CONVERSION = YES;
				CLANG_WARN_COMMA = YES;
				CLANG_WARN_CONSTANT_CONVERSION = YES;
				CLANG_WARN_DEPRECATED_OBJC_IMPLEMENTATIONS = YES;
				CLANG_WARN_DIRECT_OBJC_ISA_USAGE = YES_ERROR;
				CLANG_WARN_DOCUMENTATION_COMMENTS = YES;
				CLANG_WARN_EMPTY_BODY = YES;
				CLANG_WARN_ENUM_CONVERSION = YES;
				CLANG_WARN_INFINITE_RECURSION = YES;
				CLANG_WARN_INT_CONVERSION = YES;
				CLANG_WARN_NON_LITERAL_NULL_CONVERSION = YES;
				CLANG_WARN_OBJC_IMPLICIT_RETAIN_SELF = YES;
				CLANG_WARN_OBJC_LITERAL_CONVERSION = YES;
				CLANG_WARN_OBJC_ROOT_CLASS = YES_ERROR;
				CLANG_WARN_QUOTED_INCLUDE_IN_FRAMEWORK_HEADER = YES;
				CLANG_WARN_RANGE_LOOP_ANALYSIS = YES;
				CLANG_WARN_STRICT_PROTOTYPES = YES;
				CLANG_WARN_SUSPICIOUS_MOVE = YES;
				CLANG_WARN_UNGUARDED_AVAILABILITY = YES_AGGRESSIVE;
				CLANG_WARN_UNREACHABLE_CODE = YES;
				CLANG_WARN__DUPLICATE_METHOD_MATCH = YES;
				COPY_PHASE_STRIP = NO;
				DEBUG_INFORMATION_FORMAT = "dwarf-with-dsym";
				ENABLE_NS_ASSERTIONS = NO;
				ENABLE_STRICT_OBJC_MSGSEND = YES;
				ENABLE_USER_SCRIPT_SANDBOXING = YES;
				GCC_C_LANGUAGE_STANDARD = gnu17;
				GCC_NO_COMMON_BLOCKS = YES;
				GCC_WARN_64_TO_32_BIT_CONVERSION = YES;
				GCC_WARN_ABOUT_RETURN_TYPE = YES_ERROR;
				GCC_WARN_UNDECLARED_SELECTOR = YES;
				GCC_WARN_UNINITIALIZED_AUTOS = YES_AGGRESSIVE;
				GCC_WARN_UNUSED_FUNCTION = YES;
				GCC_WARN_UNUSED_VARIABLE = YES;
				LOCALIZATION_PREFERS_STRING_CATALOGS = YES;
				MACOSX_DEPLOYMENT_TARGET = 26.5;
				MTL_ENABLE_DEBUG_INFO = NO;
				MTL_FAST_MATH = YES;
				SDKROOT = macosx;
				SWIFT_COMPILATION_MODE = wholemodule;
			};
			name = Release;
		};
		82C4A66730679A9B002E20BB /* Debug */ = {
			isa = XCBuildConfiguration;
			buildSettings = {
				ASSETCATALOG_COMPILER_APPICON_NAME = AppIcon;
				ASSETCATALOG_COMPILER_GLOBAL_ACCENT_COLOR_NAME = AccentColor;
				CODE_SIGN_STYLE = Automatic;
				COMBINE_HIDPI_IMAGES = YES;
				CURRENT_PROJECT_VERSION = 1;
				ENABLE_APP_SANDBOX = YES;
				ENABLE_HARDENED_RUNTIME = YES;
				ENABLE_OUTGOING_NETWORK_CONNECTIONS = YES;
				ENABLE_PREVIEWS = YES;
				ENABLE_USER_SELECTED_FILES = readwrite;
				GENERATE_INFOPLIST_FILE = YES;
				INFOPLIST_KEY_CFBundleDisplayName = "$(PRODUCT_NAME)";
				INFOPLIST_KEY_LSApplicationCategoryType = "public.app-category.developer-tools";
				INFOPLIST_KEY_NSHumanReadableCopyright = "";
				LD_RUNPATH_SEARCH_PATHS = (
					"$(inherited)",
					"@executable_path/../Frameworks",
				);
				MARKETING_VERSION = 1.0;
				PRODUCT_BUNDLE_IDENTIFIER = "AppWork.LF-Paper";
				PRODUCT_NAME = "$(TARGET_NAME)";
				REGISTER_APP_GROUPS = YES;
				STRING_CATALOG_GENERATE_SYMBOLS = YES;
				SWIFT_APPROACHABLE_CONCURRENCY = YES;
				SWIFT_DEFAULT_ACTOR_ISOLATION = MainActor;
				SWIFT_EMIT_LOC_STRINGS = YES;
				SWIFT_UPCOMING_FEATURE_MEMBER_IMPORT_VISIBILITY = YES;
				SWIFT_VERSION = 6.0;
			};
			name = Debug;
		};
		82C4A66830679A9B002E20BB /* Release */ = {
			isa = XCBuildConfiguration;
			buildSettings = {
				ASSETCATALOG_COMPILER_APPICON_NAME = AppIcon;
				ASSETCATALOG_COMPILER_GLOBAL_ACCENT_COLOR_NAME = AccentColor;
				CODE_SIGN_STYLE = Automatic;
				COMBINE_HIDPI_IMAGES = YES;
				CURRENT_PROJECT_VERSION = 1;
				ENABLE_APP_SANDBOX = YES;
				ENABLE_HARDENED_RUNTIME = YES;
				ENABLE_OUTGOING_NETWORK_CONNECTIONS = YES;
				ENABLE_PREVIEWS = YES;
				ENABLE_USER_SELECTED_FILES = readwrite;
				GENERATE_INFOPLIST_FILE = YES;
				INFOPLIST_KEY_CFBundleDisplayName = "$(PRODUCT_NAME)";
				INFOPLIST_KEY_LSApplicationCategoryType = "public.app-category.developer-tools";
				INFOPLIST_KEY_NSHumanReadableCopyright = "";
				LD_RUNPATH_SEARCH_PATHS = (
					"$(inherited)",
					"@executable_path/../Frameworks",
				);
				MARKETING_VERSION = 1.0;
				PRODUCT_BUNDLE_IDENTIFIER = "AppWork.LF-Paper";
				PRODUCT_NAME = "$(TARGET_NAME)";
				REGISTER_APP_GROUPS = YES;
				STRING_CATALOG_GENERATE_SYMBOLS = YES;
				SWIFT_APPROACHABLE_CONCURRENCY = YES;
				SWIFT_DEFAULT_ACTOR_ISOLATION = MainActor;
				SWIFT_EMIT_LOC_STRINGS = YES;
				SWIFT_UPCOMING_FEATURE_MEMBER_IMPORT_VISIBILITY = YES;
				SWIFT_VERSION = 6.0;
			};
			name = Release;
		};
		82C4A66A30679A9B002E20BB /* Debug */ = {
			isa = XCBuildConfiguration;
			buildSettings = {
				BUNDLE_LOADER = "$(TEST_HOST)";
				CODE_SIGN_STYLE = Automatic;
				CURRENT_PROJECT_VERSION = 1;
				GENERATE_INFOPLIST_FILE = YES;
				MACOSX_DEPLOYMENT_TARGET = 26.5;
				MARKETING_VERSION = 1.0;
				PRODUCT_BUNDLE_IDENTIFIER = "AppWork.LF-PaperTests";
				PRODUCT_NAME = "$(TARGET_NAME)";
				STRING_CATALOG_GENERATE_SYMBOLS = NO;
				SWIFT_APPROACHABLE_CONCURRENCY = YES;
				SWIFT_EMIT_LOC_STRINGS = NO;
				SWIFT_UPCOMING_FEATURE_MEMBER_IMPORT_VISIBILITY = YES;
				SWIFT_VERSION = 6.0;
				TEST_HOST = "$(BUILT_PRODUCTS_DIR)/LF-Paper.app/$(BUNDLE_EXECUTABLE_FOLDER_PATH)/LF-Paper";
			};
			name = Debug;
		};
		82C4A66B30679A9B002E20BB /* Release */ = {
			isa = XCBuildConfiguration;
			buildSettings = {
				BUNDLE_LOADER = "$(TEST_HOST)";
				CODE_SIGN_STYLE = Automatic;
				CURRENT_PROJECT_VERSION = 1;
				GENERATE_INFOPLIST_FILE = YES;
				MACOSX_DEPLOYMENT_TARGET = 26.5;
				MARKETING_VERSION = 1.0;
				PRODUCT_BUNDLE_IDENTIFIER = "AppWork.LF-PaperTests";
				PRODUCT_NAME = "$(TARGET_NAME)";
				STRING_CATALOG_GENERATE_SYMBOLS = NO;
				SWIFT_APPROACHABLE_CONCURRENCY = YES;
				SWIFT_EMIT_LOC_STRINGS = NO;
				SWIFT_UPCOMING_FEATURE_MEMBER_IMPORT_VISIBILITY = YES;
				SWIFT_VERSION = 6.0;
				TEST_HOST = "$(BUILT_PRODUCTS_DIR)/LF-Paper.app/$(BUNDLE_EXECUTABLE_FOLDER_PATH)/LF-Paper";
			};
			name = Release;
		};
		82C4A66D30679A9B002E20BB /* Debug */ = {
			isa = XCBuildConfiguration;
			buildSettings = {
				CODE_SIGN_STYLE = Automatic;
				CURRENT_PROJECT_VERSION = 1;
				GENERATE_INFOPLIST_FILE = YES;
				MARKETING_VERSION = 1.0;
				PRODUCT_BUNDLE_IDENTIFIER = "AppWork.LF-PaperUITests";
				PRODUCT_NAME = "$(TARGET_NAME)";
				STRING_CATALOG_GENERATE_SYMBOLS = NO;
				SWIFT_APPROACHABLE_CONCURRENCY = YES;
				SWIFT_EMIT_LOC_STRINGS = NO;
				SWIFT_UPCOMING_FEATURE_MEMBER_IMPORT_VISIBILITY = YES;
				SWIFT_VERSION = 6.0;
				TEST_TARGET_NAME = "LF-Paper";
			};
			name = Debug;
		};
		82C4A66E30679A9B002E20BB /* Release */ = {
			isa = XCBuildConfiguration;
			buildSettings = {
				CODE_SIGN_STYLE = Automatic;
				CURRENT_PROJECT_VERSION = 1;
				GENERATE_INFOPLIST_FILE = YES;
				MARKETING_VERSION = 1.0;
				PRODUCT_BUNDLE_IDENTIFIER = "AppWork.LF-PaperUITests";
				PRODUCT_NAME = "$(TARGET_NAME)";
				STRING_CATALOG_GENERATE_SYMBOLS = NO;
				SWIFT_APPROACHABLE_CONCURRENCY = YES;
				SWIFT_EMIT_LOC_STRINGS = NO;
				SWIFT_UPCOMING_FEATURE_MEMBER_IMPORT_VISIBILITY = YES;
				SWIFT_VERSION = 6.0;
				TEST_TARGET_NAME = "LF-Paper";
			};
			name = Release;
		};
/* End XCBuildConfiguration section */

/* Begin XCConfigurationList section */
		82C4A64030679A9A002E20BB /* Build configuration list for PBXProject "LF-Paper" */ = {
			isa = XCConfigurationList;
			buildConfigurations = (
				82C4A66430679A9B002E20BB /* Debug */,
				82C4A66530679A9B002E20BB /* Release */,
			);
			defaultConfigurationIsVisible = 0;
			defaultConfigurationName = Release;
		};
		82C4A66630679A9B002E20BB /* Build configuration list for PBXNativeTarget "LF-Paper" */ = {
			isa = XCConfigurationList;
			buildConfigurations = (
				82C4A66730679A9B002E20BB /* Debug */,
				82C4A66830679A9B002E20BB /* Release */,
			);
			defaultConfigurationIsVisible = 0;
			defaultConfigurationName = Release;
		};
		82C4A66930679A9B002E20BB /* Build configuration list for PBXNativeTarget "LF-PaperTests" */ = {
			isa = XCConfigurationList;
			buildConfigurations = (
				82C4A66A30679A9B002E20BB /* Debug */,
				82C4A66B30679A9B002E20BB /* Release */,
			);
			defaultConfigurationIsVisible = 0;
			defaultConfigurationName = Release;
		};
		82C4A66C30679A9B002E20BB /* Build configuration list for PBXNativeTarget "LF-PaperUITests" */ = {
			isa = XCConfigurationList;
			buildConfigurations = (
				82C4A66D30679A9B002E20BB /* Debug */,
				82C4A66E30679A9B002E20BB /* Release */,
			);
			defaultConfigurationIsVisible = 0;
			defaultConfigurationName = Release;
		};
/* End XCConfigurationList section */

/* Begin XCRemoteSwiftPackageReference section */
		82C4A67130679A9C002E20BB /* XCRemoteSwiftPackageReference "swift-cmark" */ = {
			isa = XCRemoteSwiftPackageReference;
			repositoryURL = "https://github.com/swiftlang/swift-cmark.git";
			requirement = {
				kind = upToNextMinorVersion;
				minimumVersion = 0.9.0;
			};
		};
/* End XCRemoteSwiftPackageReference section */

/* Begin XCSwiftPackageProductDependency section */
		82C4A67230679A9C002E20BB /* cmark-gfm */ = {
			isa = XCSwiftPackageProductDependency;
			package = 82C4A67130679A9C002E20BB /* XCRemoteSwiftPackageReference "swift-cmark" */;
			productName = "cmark-gfm";
		};
		82C4A67430679A9C002E20BB /* cmark-gfm-extensions */ = {
			isa = XCSwiftPackageProductDependency;
			package = 82C4A67130679A9C002E20BB /* XCRemoteSwiftPackageReference "swift-cmark" */;
			productName = "cmark-gfm-extensions";
		};
/* End XCSwiftPackageProductDependency section */
	};
	rootObject = 82C4A63D30679A9A002E20BB /* Project object */;
}
